
Microsoft Visual Studio Solution File, Format Version 12.00
# Visual Studio Version 17
VisualStudioVersion = 17.1.32421.90
MinimumVisualStudioVersion = 10.0.40219.1
Project("{8BC9CEB8-8B4A-11D0-8D11-00A0C91BC942}") = "Interop.D3DImageEx", "..\..\src\Interop.D3DImageEx\Interop.D3DImageEx.vcxproj", "{C052FC36-3D77-482B-BA67-CB2D2E6FD0E9}"
EndProject
Project("{8BC9CEB8-8B4A-11D0-8D11-00A0C91BC942}") = "D3D11Scene", "..\..\src\D3D11Scene\D3D11Scene.vcxproj", "{08C66CD6-0686-4F31-BCBA-67ED63262FFE}"
EndProject
Project("{9A19103F-16F7-4668-BE54-9A1E7A4F7556}") = "GStreamerD3DSampleCore", "GStreamerD3DSampleCore\GStreamerD3DSampleCore.csproj", "{E924D2DD-66EA-4780-ACB8-D8FF50A91B95}"
EndProject
Project("{FAE04EC0-301F-11D3-BF4B-00C04F79EFBC}") = "WPFStream", "WPFStream\WPFStream.csproj", "{D5477FA3-7089-4A7B-9B36-F155AA98E642}"
EndProject
Global
	GlobalSection(SolutionConfigurationPlatforms) = preSolution
		Debug|Any CPU = Debug|Any CPU
		Debug|x64 = Debug|x64
		Debug|x86 = Debug|x86
		Release|Any CPU = Release|Any CPU
		Release|x64 = Release|x64
		Release|x86 = Release|x86
	EndGlobalSection
	GlobalSection(ProjectConfigurationPlatforms) = postSolution
		{C052FC36-3D77-482B-BA67-CB2D2E6FD0E9}.Debug|Any CPU.ActiveCfg = Debug|Win32
		{C052FC36-3D77-482B-BA67-CB2D2E6FD0E9}.Debug|Any CPU.Build.0 = Debug|Win32
		{C052FC36-3D77-482B-BA67-CB2D2E6FD0E9}.Debug|x64.ActiveCfg = Debug|Win32
		{C052FC36-3D77-482B-BA67-CB2D2E6FD0E9}.Debug|x64.Build.0 = Debug|Win32
		{C052FC36-3D77-482B-BA67-CB2D2E6FD0E9}.Debug|x86.ActiveCfg = Debug|Win32
		{C052FC36-3D77-482B-BA67-CB2D2E6FD0E9}.Debug|x86.Build.0 = Debug|Win32
		{C052FC36-3D77-482B-BA67-CB2D2E6FD0E9}.Release|Any CPU.ActiveCfg = Release|Win32
		{C052FC36-3D77-482B-BA67-CB2D2E6FD0E9}.Release|x64.ActiveCfg = Release|x64
		{C052FC36-3D77-482B-BA67-CB2D2E6FD0E9}.Release|x64.Build.0 = Release|x64
		{C052FC36-3D77-482B-BA67-CB2D2E6FD0E9}.Release|x86.ActiveCfg = Release|Win32
		{C052FC36-3D77-482B-BA67-CB2D2E6FD0E9}.Release|x86.Build.0 = Release|Win32
		{08C66CD6-0686-4F31-BCBA-67ED63262FFE}.Debug|Any CPU.ActiveCfg = Debug|Win32
		{08C66CD6-0686-4F31-BCBA-67ED63262FFE}.Debug|Any CPU.Build.0 = Debug|Win32
		{08C66CD6-0686-4F31-BCBA-67ED63262FFE}.Debug|x64.ActiveCfg = Debug|Win32
		{08C66CD6-0686-4F31-BCBA-67ED63262FFE}.Debug|x64.Build.0 = Debug|Win32
		{08C66CD6-0686-4F31-BCBA-67ED63262FFE}.Debug|x86.ActiveCfg = Debug|Win32
		{08C66CD6-0686-4F31-BCBA-67ED63262FFE}.Debug|x86.Build.0 = Debug|Win32
		{08C66CD6-0686-4F31-BCBA-67ED63262FFE}.Release|Any CPU.ActiveCfg = Release|Win32
		{08C66CD6-0686-4F31-BCBA-67ED63262FFE}.Release|x64.ActiveCfg = Release|x64
		{08C66CD6-0686-4F31-BCBA-67ED63262FFE}.Release|x64.Build.0 = Release|x64
		{08C66CD6-0686-4F31-BCBA-67ED63262FFE}.Release|x86.ActiveCfg = Release|Win32
		{08C66CD6-0686-4F31-BCBA-67ED63262FFE}.Release|x86.Build.0 = Release|Win32
		{E924D2DD-66EA-4780-ACB8-D8FF50A91B95}.Debug|Any CPU.ActiveCfg = Debug|Any CPU
		{E924D2DD-66EA-4780-ACB8-D8FF50A91B95}.Debug|Any CPU.Build.0 = Debug|Any CPU
		{E924D2DD-66EA-4780-ACB8-D8FF50A91B95}.Debug|x64.ActiveCfg = Debug|Any CPU
		{E924D2DD-66EA-4780-ACB8-D8FF50A91B95}.Debug|x64.Build.0 = Debug|Any CPU
		{E924D2DD-66EA-4780-ACB8-D8FF50A91B95}.Debug|x86.ActiveCfg = Debug|Any CPU
		{E924D2DD-66EA-4780-ACB8-D8FF50A91B95}.Debug|x86.Build.0 = Debug|Any CPU
		{E924D2DD-66EA-4780-ACB8-D8FF50A91B95}.Release|Any CPU.ActiveCfg = Release|Any CPU
		{E924D2DD-66EA-4780-ACB8-D8FF50A91B95}.Release|Any CPU.Build.0 = Release|Any CPU
		{E924D2DD-66EA-4780-ACB8-D8FF50A91B95}.Release|x64.ActiveCfg = Release|Any CPU
		{E924D2DD-66EA-4780-ACB8-D8FF50A91B95}.Release|x64.Build.0 = Release|Any CPU
		{E924D2DD-66EA-4780-ACB8-D8FF50A91B95}.Release|x86.ActiveCfg = Release|Any CPU
		{E924D2DD-66EA-4780-ACB8-D8FF50A91B95}.Release|x86.Build.0 = Release|Any CPU
		{D5477FA3-7089-4A7B-9B36-F155AA98E642}.Debug|Any CPU.ActiveCfg = Debug|Any CPU
		{D5477FA3-7089-4A7B-9B36-F155AA98E642}.Debug|Any CPU.Build.0 = Debug|Any CPU
		{D5477FA3-7089-4A7B-9B36-F155AA98E642}.Debug|x64.ActiveCfg = Debug|Any CPU
		{D5477FA3-7089-4A7B-9B36-F155AA98E642}.Debug|x64.Build.0 = Debug|Any CPU
		{D5477FA3-7089-4A7B-9B36-F155AA98E642}.Debug|x86.ActiveCfg = Debug|Any CPU
		{D5477FA3-7089-4A7B-9B36-F155AA98E642}.Debug|x86.Build.0 = Debug|Any CPU
		{D5477FA3-7089-4A7B-9B36-F155AA98E642}.Release|Any CPU.ActiveCfg = Release|Any CPU
		{D5477FA3-7089-4A7B-9B36-F155AA98E642}.Release|Any CPU.Build.0 = Release|Any CPU
		{D5477FA3-7089-4A7B-9B36-F155AA98E642}.Release|x64.ActiveCfg = Release|Any CPU
		{D5477FA3-7089-4A7B-9B36-F155AA98E642}.Release|x64.Build.0 = Release|Any CPU
		{D5477FA3-7089-4A7B-9B36-F155AA98E642}.Release|x86.ActiveCfg = Release|Any CPU
		{D5477FA3-7089-4A7B-9B36-F155AA98E642}.Release|x86.Build.0 = Release|Any CPU
	EndGlobalSection
	GlobalSection(SolutionProperties) = preSolution
		HideSolutionNode = FALSE
	EndGlobalSection
	GlobalSection(ExtensibilityGlobals) = postSolution
		SolutionGuid = {DAB36ECA-40F4-4BC1-B802-58759588B635}
	EndGlobalSection
EndGlobal
